// !$*UTF8*$!
{
	archiveVersion = 1;
	classes = {
	};
	objectVersion = 46;
	objects = {

/* Begin PBXBuildFile section */
		B8B5D6530C66C29F30DCA88E /* libPods.a in Frameworks */ = {isa = PBXBuildFile; fileRef = 519D55E2881F1D1E5196E913 /* libPods.a */; };
		EE3D01E11BB4477600F3C73B /* main.m in Sources */ = {isa = PBXBuildFile; fileRef = EE3D01E01BB4477600F3C73B /* main.m */; };
		EE3D01E41BB4477600F3C73B /* AppDelegate.m in Sources */ = {isa = PBXBuildFile; fileRef = EE3D01E31BB4477600F3C73B /* AppDelegate.m */; };
		EE3D01EC1BB4477700F3C73B /* Assets.xcassets in Resources */ = {isa = PBXBuildFile; fileRef = EE3D01EB1BB4477700F3C73B /* Assets.xcassets */; };
		EE3D01EF1BB4477700F3C73B /* LaunchScreen.storyboard in Resources */ = {isa = PBXBuildFile; fileRef = EE3D01ED1BB4477700F3C73B /* LaunchScreen.storyboard */; };
		EE3D01FA1BB4477700F3C73B /* LevelUp_SampleTests.m in Sources */ = {isa = PBXBuildFile; fileRef = EE3D01F91BB4477700F3C73B /* LevelUp_SampleTests.m */; };
		EE3D02051BB4477700F3C73B /* LevelUp_SampleUITests.m in Sources */ = {isa = PBXBuildFile; fileRef = EE3D02041BB4477700F3C73B /* LevelUp_SampleUITests.m */; };
		EE3D02181BB44C5500F3C73B /* LUPlacesViewController.m in Sources */ = {isa = PBXBuildFile; fileRef = EE3D02161BB44C5500F3C73B /* LUPlacesViewController.m */; settings = {ASSET_TAGS = (); }; };
		EE3D02191BB44C5500F3C73B /* LUPlacesViewController.xib in Resources */ = {isa = PBXBuildFile; fileRef = EE3D02171BB44C5500F3C73B /* LUPlacesViewController.xib */; settings = {ASSET_TAGS = (); }; };
		EE3D021E1BB450CE00F3C73B /* LUPlacesTableViewCell.m in Sources */ = {isa = PBXBuildFile; fileRef = EE3D021C1BB450CE00F3C73B /* LUPlacesTableViewCell.m */; settings = {ASSET_TAGS = (); }; };
		EE3D021F1BB450CE00F3C73B /* LUPlacesTableViewCell.xib in Resources */ = {isa = PBXBuildFile; fileRef = EE3D021D1BB450CE00F3C73B /* LUPlacesTableViewCell.xib */; settings = {ASSET_TAGS = (); }; };
		EE3D02281BB45AB000F3C73B /* LUService.m in Sources */ = {isa = PBXBuildFile; fileRef = EE3D02271BB45AB000F3C73B /* LUService.m */; settings = {ASSET_TAGS = (); }; };
/* End PBXBuildFile section */

/* Begin PBXContainerItemProxy section */
		EE3D01F61BB4477700F3C73B /* PBXContainerItemProxy */ = {
			isa = PBXContainerItemProxy;
			containerPortal = EE3D01D41BB4477600F3C73B /* Project object */;
			proxyType = 1;
			remoteGlobalIDString = EE3D01DB1BB4477600F3C73B;
			remoteInfo = "LevelUp-Sample";
		};
		EE3D02011BB4477700F3C73B /* PBXContainerItemProxy */ = {
			isa = PBXContainerItemProxy;
			containerPortal = EE3D01D41BB4477600F3C73B /* Project object */;
			proxyType = 1;
			remoteGlobalIDString = EE3D01DB1BB4477600F3C73B;
			remoteInfo = "LevelUp-Sample";
		};
/* End PBXContainerItemProxy section */

/* Begin PBXFileReference section */
		277A715CDA5C3E42964BF3BD /* Pods.release.xcconfig */ = {isa = PBXFileReference; includeInIndex = 1; lastKnownFileType = text.xcconfig; name = Pods.release.xcconfig; path = "Pods/Target Support Files/Pods/Pods.release.xcconfig"; sourceTree = "<group>"; };
		519D55E2881F1D1E5196E913 /* libPods.a */ = {isa = PBXFileReference; explicitFileType = archive.ar; includeInIndex = 0; path = libPods.a; sourceTree = BUILT_PRODUCTS_DIR; };
		C980DA33B30369BA9CCDC178 /* Pods.debug.xcconfig */ = {isa = PBXFileReference; includeInIndex = 1; lastKnownFileType = text.xcconfig; name = Pods.debug.xcconfig; path = "Pods/Target Support Files/Pods/Pods.debug.xcconfig"; sourceTree = "<group>"; };
		EE3D01DC1BB4477600F3C73B /* LevelUp-Sample.app */ = {isa = PBXFileReference; explicitFileType = wrapper.application; includeInIndex = 0; path = "LevelUp-Sample.app"; sourceTree = BUILT_PRODUCTS_DIR; };
		EE3D01E01BB4477600F3C73B /* main.m */ = {isa = PBXFileReference; lastKnownFileType = sourcecode.c.objc; path = main.m; sourceTree = "<group>"; };
		EE3D01E21BB4477600F3C73B /* AppDelegate.h */ = {isa = PBXFileReference; lastKnownFileType = sourcecode.c.h; path = AppDelegate.h; sourceTree = "<group>"; };
		EE3D01E31BB4477600F3C73B /* AppDelegate.m */ = {isa = PBXFileReference; lastKnownFileType = sourcecode.c.objc; path = AppDelegate.m; sourceTree = "<group>"; };
		EE3D01EB1BB4477700F3C73B /* Assets.xcassets */ = {isa = PBXFileReference; lastKnownFileType = folder.assetcatalog; path = Assets.xcassets; sourceTree = "<group>"; };
		EE3D01EE1BB4477700F3C73B /* Base */ = {isa = PBXFileReference; lastKnownFileType = file.storyboard; name = Base; path = Base.lproj/LaunchScreen.storyboard; sourceTree = "<group>"; };
		EE3D01F01BB4477700F3C73B /* Info.plist */ = {isa = PBXFileReference; lastKnownFileType = text.plist.xml; path = Info.plist; sourceTree = "<group>"; };
		EE3D01F51BB4477700F3C73B /* LevelUp-SampleTests.xctest */ = {isa = PBXFileReference; explicitFileType = wrapper.cfbundle; includeInIndex = 0; path = "LevelUp-SampleTests.xctest"; sourceTree = BUILT_PRODUCTS_DIR; };
		EE3D01F91BB4477700F3C73B /* LevelUp_SampleTests.m */ = {isa = PBXFileReference; lastKnownFileType = sourcecode.c.objc; path = LevelUp_SampleTests.m; sourceTree = "<group>"; };
		EE3D01FB1BB4477700F3C73B /* Info.plist */ = {isa = PBXFileReference; lastKnownFileType = text.plist.xml; path = Info.plist; sourceTree = "<group>"; };
		EE3D02001BB4477700F3C73B /* LevelUp-SampleUITests.xctest */ = {isa = PBXFileReference; explicitFileType = wrapper.cfbundle; includeInIndex = 0; path = "LevelUp-SampleUITests.xctest"; sourceTree = BUILT_PRODUCTS_DIR; };
		EE3D02041BB4477700F3C73B /* LevelUp_SampleUITests.m */ = {isa = PBXFileReference; lastKnownFileType = sourcecode.c.objc; path = LevelUp_SampleUITests.m; sourceTree = "<group>"; };
		EE3D02061BB4477700F3C73B /* Info.plist */ = {isa = PBXFileReference; lastKnownFileType = text.plist.xml; path = Info.plist; sourceTree = "<group>"; };
		EE3D02151BB44C5500F3C73B /* LUPlacesViewController.h */ = {isa = PBXFileReference; fileEncoding = 4; lastKnownFileType = sourcecode.c.h; name = LUPlacesViewController.h; path = "View Controllers/LUPlacesViewController.h"; sourceTree = "<group>"; };
		EE3D02161BB44C5500F3C73B /* LUPlacesViewController.m */ = {isa = PBXFileReference; fileEncoding = 4; lastKnownFileType = sourcecode.c.objc; name = LUPlacesViewController.m; path = "View Controllers/LUPlacesViewController.m"; sourceTree = "<group>"; };
		EE3D02171BB44C5500F3C73B /* LUPlacesViewController.xib */ = {isa = PBXFileReference; fileEncoding = 4; lastKnownFileType = file.xib; name = LUPlacesViewController.xib; path = "View Controllers/LUPlacesViewController.xib"; sourceTree = "<group>"; };
		EE3D021B1BB450CE00F3C73B /* LUPlacesTableViewCell.h */ = {isa = PBXFileReference; fileEncoding = 4; lastKnownFileType = sourcecode.c.h; name = LUPlacesTableViewCell.h; path = Views/LUPlacesTableViewCell.h; sourceTree = "<group>"; };
		EE3D021C1BB450CE00F3C73B /* LUPlacesTableViewCell.m */ = {isa = PBXFileReference; fileEncoding = 4; lastKnownFileType = sourcecode.c.objc; name = LUPlacesTableViewCell.m; path = Views/LUPlacesTableViewCell.m; sourceTree = "<group>"; };
		EE3D021D1BB450CE00F3C73B /* LUPlacesTableViewCell.xib */ = {isa = PBXFileReference; fileEncoding = 4; lastKnownFileType = file.xib; name = LUPlacesTableViewCell.xib; path = Views/LUPlacesTableViewCell.xib; sourceTree = "<group>"; };
		EE3D02261BB45AB000F3C73B /* LUService.h */ = {isa = PBXFileReference; fileEncoding = 4; lastKnownFileType = sourcecode.c.h; name = LUService.h; path = Services/LUService.h; sourceTree = "<group>"; };
		EE3D02271BB45AB000F3C73B /* LUService.m */ = {isa = PBXFileReference; fileEncoding = 4; lastKnownFileType = sourcecode.c.objc; name = LUService.m; path = Services/LUService.m; sourceTree = "<group>"; };
/* End PBXFileReference section */

/* Begin PBXFrameworksBuildPhase section */
		EE3D01D91BB4477600F3C73B /* Frameworks */ = {
			isa = PBXFrameworksBuildPhase;
			buildActionMask = 2147483647;
			files = (
				B8B5D6530C66C29F30DCA88E /* libPods.a in Frameworks */,
			);
			runOnlyForDeploymentPostprocessing = 0;
		};
		EE3D01F21BB4477700F3C73B /* Frameworks */ = {
			isa = PBXFrameworksBuildPhase;
			buildActionMask = 2147483647;
			files = (
			);
			runOnlyForDeploymentPostprocessing = 0;
		};
		EE3D01FD1BB4477700F3C73B /* Frameworks */ = {
			isa = PBXFrameworksBuildPhase;
			buildActionMask = 2147483647;
			files = (
			);
			runOnlyForDeploymentPostprocessing = 0;
		};
/* End PBXFrameworksBuildPhase section */

/* Begin PBXGroup section */
		28B01F0F8E37D0D7350A7481 /* Frameworks */ = {
			isa = PBXGroup;
			children = (
				519D55E2881F1D1E5196E913 /* libPods.a */,
			);
			name = Frameworks;
			sourceTree = "<group>";
		};
		B12FE752DE467E13D67F2AE8 /* Pods */ = {
			isa = PBXGroup;
			children = (
				C980DA33B30369BA9CCDC178 /* Pods.debug.xcconfig */,
				277A715CDA5C3E42964BF3BD /* Pods.release.xcconfig */,
			);
			name = Pods;
			sourceTree = "<group>";
		};
		EE3D01D31BB4477600F3C73B = {
			isa = PBXGroup;
			children = (
				EE3D01DE1BB4477600F3C73B /* LevelUp-Sample */,
				EE3D01F81BB4477700F3C73B /* LevelUp-SampleTests */,
				EE3D02031BB4477700F3C73B /* LevelUp-SampleUITests */,
				EE3D01DD1BB4477600F3C73B /* Products */,
				B12FE752DE467E13D67F2AE8 /* Pods */,
				28B01F0F8E37D0D7350A7481 /* Frameworks */,
			);
			sourceTree = "<group>";
		};
		EE3D01DD1BB4477600F3C73B /* Products */ = {
			isa = PBXGroup;
			children = (
				EE3D01DC1BB4477600F3C73B /* LevelUp-Sample.app */,
				EE3D01F51BB4477700F3C73B /* LevelUp-SampleTests.xctest */,
				EE3D02001BB4477700F3C73B /* LevelUp-SampleUITests.xctest */,
			);
			name = Products;
			sourceTree = "<group>";
		};
		EE3D01DE1BB4477600F3C73B /* LevelUp-Sample */ = {
			isa = PBXGroup;
			children = (
				EE3D021A1BB4509100F3C73B /* Views */,
				EE3D02141BB44B4900F3C73B /* Models */,
				EE3D02131BB44B2E00F3C73B /* Services */,
				EE3D02121BB44AF700F3C73B /* View Controllers */,
				EE3D01E21BB4477600F3C73B /* AppDelegate.h */,
				EE3D01E31BB4477600F3C73B /* AppDelegate.m */,
				EE3D01EB1BB4477700F3C73B /* Assets.xcassets */,
				EE3D01ED1BB4477700F3C73B /* LaunchScreen.storyboard */,
				EE3D01F01BB4477700F3C73B /* Info.plist */,
				EE3D01DF1BB4477600F3C73B /* Supporting Files */,
			);
			path = "LevelUp-Sample";
			sourceTree = "<group>";
		};
		EE3D01DF1BB4477600F3C73B /* Supporting Files */ = {
			isa = PBXGroup;
			children = (
				EE3D01E01BB4477600F3C73B /* main.m */,
			);
			name = "Supporting Files";
			sourceTree = "<group>";
		};
		EE3D01F81BB4477700F3C73B /* LevelUp-SampleTests */ = {
			isa = PBXGroup;
			children = (
				EE3D01F91BB4477700F3C73B /* LevelUp_SampleTests.m */,
				EE3D01FB1BB4477700F3C73B /* Info.plist */,
			);
			path = "LevelUp-SampleTests";
			sourceTree = "<group>";
		};
		EE3D02031BB4477700F3C73B /* LevelUp-SampleUITests */ = {
			isa = PBXGroup;
			children = (
				EE3D02041BB4477700F3C73B /* LevelUp_SampleUITests.m */,
				EE3D02061BB4477700F3C73B /* Info.plist */,
			);
			path = "LevelUp-SampleUITests";
			sourceTree = "<group>";
		};
		EE3D02121BB44AF700F3C73B /* View Controllers */ = {
			isa = PBXGroup;
			children = (
				EE3D02151BB44C5500F3C73B /* LUPlacesViewController.h */,
				EE3D02161BB44C5500F3C73B /* LUPlacesViewController.m */,
				EE3D02171BB44C5500F3C73B /* LUPlacesViewController.xib */,
			);
			name = "View Controllers";
			sourceTree = "<group>";
		};
		EE3D02131BB44B2E00F3C73B /* Services */ = {
			isa = PBXGroup;
			children = (
				EE3D02261BB45AB000F3C73B /* LUService.h */,
				EE3D02271BB45AB000F3C73B /* LUService.m */,
			);
			name = Services;
			sourceTree = "<group>";
		};
		EE3D02141BB44B4900F3C73B /* Models */ = {
			isa = PBXGroup;
			children = (
			);
			name = Models;
			sourceTree = "<group>";
		};
		EE3D021A1BB4509100F3C73B /* Views */ = {
			isa = PBXGroup;
			children = (
				EE3D021B1BB450CE00F3C73B /* LUPlacesTableViewCell.h */,
				EE3D021C1BB450CE00F3C73B /* LUPlacesTableViewCell.m */,
				EE3D021D1BB450CE00F3C73B /* LUPlacesTableViewCell.xib */,
			);
			name = Views;
			sourceTree = "<group>";
		};
/* End PBXGroup section */

/* Begin PBXNativeTarget section */
		EE3D01DB1BB4477600F3C73B /* LevelUp-Sample */ = {
			isa = PBXNativeTarget;
			buildConfigurationList = EE3D02091BB4477700F3C73B /* Build configuration list for PBXNativeTarget "LevelUp-Sample" */;
			buildPhases = (
				7EE18CAA1C41F04EA4B01687 /* Check Pods Manifest.lock */,
				EE3D01D81BB4477600F3C73B /* Sources */,
				EE3D01D91BB4477600F3C73B /* Frameworks */,
				EE3D01DA1BB4477600F3C73B /* Resources */,
				EFF3C8EDD03F932C409731B6 /* Copy Pods Resources */,
			);
			buildRules = (
			);
			dependencies = (
			);
			name = "LevelUp-Sample";
			productName = "LevelUp-Sample";
			productReference = EE3D01DC1BB4477600F3C73B /* LevelUp-Sample.app */;
			productType = "com.apple.product-type.application";
		};
		EE3D01F41BB4477700F3C73B /* LevelUp-SampleTests */ = {
			isa = PBXNativeTarget;
			buildConfigurationList = EE3D020C1BB4477700F3C73B /* Build configuration list for PBXNativeTarget "LevelUp-SampleTests" */;
			buildPhases = (
				EE3D01F11BB4477700F3C73B /* Sources */,
				EE3D01F21BB4477700F3C73B /* Frameworks */,
				EE3D01F31BB4477700F3C73B /* Resources */,
			);
			buildRules = (
			);
			dependencies = (
				EE3D01F71BB4477700F3C73B /* PBXTargetDependency */,
			);
			name = "LevelUp-SampleTests";
			productName = "LevelUp-SampleTests";
			productReference = EE3D01F51BB4477700F3C73B /* LevelUp-SampleTests.xctest */;
			productType = "com.apple.product-type.bundle.unit-test";
		};
		EE3D01FF1BB4477700F3C73B /* LevelUp-SampleUITests */ = {
			isa = PBXNativeTarget;
			buildConfigurationList = EE3D020F1BB4477700F3C73B /* Build configuration list for PBXNativeTarget "LevelUp-SampleUITests" */;
			buildPhases = (
				EE3D01FC1BB4477700F3C73B /* Sources */,
				EE3D01FD1BB4477700F3C73B /* Frameworks */,
				EE3D01FE1BB4477700F3C73B /* Resources */,
			);
			buildRules = (
			);
			dependencies = (
				EE3D02021BB4477700F3C73B /* PBXTargetDependency */,
			);
			name = "LevelUp-SampleUITests";
			productName = "LevelUp-SampleUITests";
			productReference = EE3D02001BB4477700F3C73B /* LevelUp-SampleUITests.xctest */;
			productType = "com.apple.product-type.bundle.ui-testing";
		};
/* End PBXNativeTarget section */

/* Begin PBXProject section */
		EE3D01D41BB4477600F3C73B /* Project object */ = {
			isa = PBXProject;
			attributes = {
				LastUpgradeCheck = 0700;
				ORGANIZATIONNAME = "Amy Ly";
				TargetAttributes = {
					EE3D01DB1BB4477600F3C73B = {
						CreatedOnToolsVersion = 7.0;
						DevelopmentTeam = RP4T66VR66;
					};
					EE3D01F41BB4477700F3C73B = {
						CreatedOnToolsVersion = 7.0;
						TestTargetID = EE3D01DB1BB4477600F3C73B;
					};
					EE3D01FF1BB4477700F3C73B = {
						CreatedOnToolsVersion = 7.0;
						TestTargetID = EE3D01DB1BB4477600F3C73B;
					};
				};
			};
			buildConfigurationList = EE3D01D71BB4477600F3C73B /* Build configuration list for PBXProject "LevelUp-Sample" */;
			compatibilityVersion = "Xcode 3.2";
			developmentRegion = English;
			hasScannedForEncodings = 0;
			knownRegions = (
				en,
				Base,
			);
			mainGroup = EE3D01D31BB4477600F3C73B;
			productRefGroup = EE3D01DD1BB4477600F3C73B /* Products */;
			projectDirPath = "";
			projectRoot = "";
			targets = (
				EE3D01DB1BB4477600F3C73B /* LevelUp-Sample */,
				EE3D01F41BB4477700F3C73B /* LevelUp-SampleTests */,
				EE3D01FF1BB4477700F3C73B /* LevelUp-SampleUITests */,
			);
		};
/* End PBXProject section */

/* Begin PBXResourcesBuildPhase section */
		EE3D01DA1BB4477600F3C73B /* Resources */ = {
			isa = PBXResourcesBuildPhase;
			buildActionMask = 2147483647;
			files = (
				EE3D01EF1BB4477700F3C73B /* LaunchScreen.storyboard in Resources */,
				EE3D01EC1BB4477700F3C73B /* Assets.xcassets in Resources */,
				EE3D021F1BB450CE00F3C73B /* LUPlacesTableViewCell.xib in Resources */,
				EE3D02191BB44C5500F3C73B /* LUPlacesViewController.xib in Resources */,
			);
			runOnlyForDeploymentPostprocessing = 0;
		};
		EE3D01F31BB4477700F3C73B /* Resources */ = {
			isa = PBXResourcesBuildPhase;
			buildActionMask = 2147483647;
			files = (
			);
			runOnlyForDeploymentPostprocessing = 0;
		};
		EE3D01FE1BB4477700F3C73B /* Resources */ = {
			isa = PBXResourcesBuildPhase;
			buildActionMask = 2147483647;
			files = (
			);
			runOnlyForDeploymentPostprocessing = 0;
		};
/* End PBXResourcesBuildPhase section */

/* Begin PBXShellScriptBuildPhase section */
		7EE18CAA1C41F04EA4B01687 /* Check Pods Manifest.lock */ = {
			isa = PBXShellScriptBuildPhase;
			buildActionMask = 2147483647;
			files = (
			);
			inputPaths = (
			);
			name = "Check Pods Manifest.lock";
			outputPaths = (
			);
			runOnlyForDeploymentPostprocessing = 0;
			shellPath = /bin/sh;
			shellScript = "diff \"${PODS_ROOT}/../Podfile.lock\" \"${PODS_ROOT}/Manifest.lock\" > /dev/null\nif [[ $? != 0 ]] ; then\n    cat << EOM\nerror: The sandbox is not in sync with the Podfile.lock. Run 'pod install' or update your CocoaPods installation.\nEOM\n    exit 1\nfi\n";
			showEnvVarsInLog = 0;
		};
		EFF3C8EDD03F932C409731B6 /* Copy Pods Resources */ = {
			isa = PBXShellScriptBuildPhase;
			buildActionMask = 2147483647;
			files = (
			);
			inputPaths = (
			);
			name = "Copy Pods Resources";
			outputPaths = (
			);
			runOnlyForDeploymentPostprocessing = 0;
			shellPath = /bin/sh;
			shellScript = "\"${SRCROOT}/Pods/Target Support Files/Pods/Pods-resources.sh\"\n";
			showEnvVarsInLog = 0;
		};
/* End PBXShellScriptBuildPhase section */

/* Begin PBXSourcesBuildPhase section */
		EE3D01D81BB4477600F3C73B /* Sources */ = {
			isa = PBXSourcesBuildPhase;
			buildActionMask = 2147483647;
			files = (
				EE3D02181BB44C5500F3C73B /* LUPlacesViewController.m in Sources */,
				EE3D01E41BB4477600F3C73B /* AppDelegate.m in Sources */,
				EE3D021E1BB450CE00F3C73B /* LUPlacesTableViewCell.m in Sources */,
				EE3D02281BB45AB000F3C73B /* LUService.m in Sources */,
				EE3D01E11BB4477600F3C73B /* main.m in Sources */,
			);
			runOnlyForDeploymentPostprocessing = 0;
		};
		EE3D01F11BB4477700F3C73B /* Sources */ = {
			isa = PBXSourcesBuildPhase;
			buildActionMask = 2147483647;
			files = (
				EE3D01FA1BB4477700F3C73B /* LevelUp_SampleTests.m in Sources */,
			);
			runOnlyForDeploymentPostprocessing = 0;
		};
		EE3D01FC1BB4477700F3C73B /* Sources */ = {
			isa = PBXSourcesBuildPhase;
			buildActionMask = 2147483647;
			files = (
				EE3D02051BB4477700F3C73B /* LevelUp_SampleUITests.m in Sources */,
			);
			runOnlyForDeploymentPostprocessing = 0;
		};
/* End PBXSourcesBuildPhase section */

/* Begin PBXTargetDependency section */
		EE3D01F71BB4477700F3C73B /* PBXTargetDependency */ = {
			isa = PBXTargetDependency;
			target = EE3D01DB1BB4477600F3C73B /* LevelUp-Sample */;
			targetProxy = EE3D01F61BB4477700F3C73B /* PBXContainerItemProxy */;
		};
		EE3D02021BB4477700F3C73B /* PBXTargetDependency */ = {
			isa = PBXTargetDependency;
			target = EE3D01DB1BB4477600F3C73B /* LevelUp-Sample */;
			targetProxy = EE3D02011BB4477700F3C73B /* PBXContainerItemProxy */;
		};
/* End PBXTargetDependency section */

/* Begin PBXVariantGroup section */
		EE3D01ED1BB4477700F3C73B /* LaunchScreen.storyboard */ = {
			isa = PBXVariantGroup;
			children = (
				EE3D01EE1BB4477700F3C73B /* Base */,
			);
			name = LaunchScreen.storyboard;
			sourceTree = "<group>";
		};
/* End PBXVariantGroup section */

/* Begin XCBuildConfiguration section */
		EE3D02071BB4477700F3C73B /* Debug */ = {
			isa = XCBuildConfiguration;
			buildSettings = {
				ALWAYS_SEARCH_USER_PATHS = NO;
				CLANG_CXX_LANGUAGE_STANDARD = "gnu++0x";
				CLANG_CXX_LIBRARY = "libc++";
				CLANG_ENABLE_MODULES = YES;
				CLANG_ENABLE_OBJC_ARC = YES;
				CLANG_WARN_BOOL_CONVERSION = YES;
				CLANG_WARN_CONSTANT_CONVERSION = YES;
				CLANG_WARN_DIRECT_OBJC_ISA_USAGE = YES_ERROR;
				CLANG_WARN_EMPTY_BODY = YES;
				CLANG_WARN_ENUM_CONVERSION = YES;
				CLANG_WARN_INT_CONVERSION = YES;
				CLANG_WARN_OBJC_ROOT_CLASS = YES_ERROR;
				CLANG_WARN_UNREACHABLE_CODE = YES;
				CLANG_WARN__DUPLICATE_METHOD_MATCH = YES;
				"CODE_SIGN_IDENTITY[sdk=iphoneos*]" = "iPhone Developer";
				COPY_PHASE_STRIP = NO;
				DEBUG_INFORMATION_FORMAT = dwarf;
				ENABLE_STRICT_OBJC_MSGSEND = YES;
				ENABLE_TESTABILITY = YES;
				GCC_C_LANGUAGE_STANDARD = gnu99;
				GCC_DYNAMIC_NO_PIC = NO;
				GCC_NO_COMMON_BLOCKS = YES;
				GCC_OPTIMIZATION_LEVEL = 0;
				GCC_PREPROCESSOR_DEFINITIONS = (
					"DEBUG=1",
					"$(inherited)",
				);
				GCC_WARN_64_TO_32_BIT_CONVERSION = YES;
				GCC_WARN_ABOUT_RETURN_TYPE = YES_ERROR;
				GCC_WARN_UNDECLARED_SELECTOR = YES;
				GCC_WARN_UNINITIALIZED_AUTOS = YES_AGGRESSIVE;
				GCC_WARN_UNUSED_FUNCTION = YES;
				GCC_WARN_UNUSED_VARIABLE = YES;
				IPHONEOS_DEPLOYMENT_TARGET = 9.0;
				MTL_ENABLE_DEBUG_INFO = YES;
				ONLY_ACTIVE_ARCH = YES;
				SDKROOT = iphoneos;
			};
			name = Debug;
		};
		EE3D02081BB4477700F3C73B /* Release */ = {
			isa = XCBuildConfiguration;
			buildSettings = {
				ALWAYS_SEARCH_USER_PATHS = NO;
				CLANG_CXX_LANGUAGE_STANDARD = "gnu++0x";
				CLANG_CXX_LIBRARY = "libc++";
				CLANG_ENABLE_MODULES = YES;
				CLANG_ENABLE_OBJC_ARC = YES;
				CLANG_WARN_BOOL_CONVERSION = YES;
				CLANG_WARN_CONSTANT_CONVERSION = YES;
				CLANG_WARN_DIRECT_OBJC_ISA_USAGE = YES_ERROR;
				CLANG_WARN_EMPTY_BODY = YES;
				CLANG_WARN_ENUM_CONVERSION = YES;
				CLANG_WARN_INT_CONVERSION = YES;
				CLANG_WARN_OBJC_ROOT_CLASS = YES_ERROR;
				CLANG_WARN_UNREACHABLE_CODE = YES;
				CLANG_WARN__DUPLICATE_METHOD_MATCH = YES;
				"CODE_SIGN_IDENTITY[sdk=iphoneos*]" = "iPhone Developer";
				COPY_PHASE_STRIP = NO;
				DEBUG_INFORMATION_FORMAT = "dwarf-with-dsym";
				ENABLE_NS_ASSERTIONS = NO;
				ENABLE_STRICT_OBJC_MSGSEND = YES;
				GCC_C_LANGUAGE_STANDARD = gnu99;
				GCC_NO_COMMON_BLOCKS = YES;
				GCC_WARN_64_TO_32_BIT_CONVERSION = YES;
				GCC_WARN_ABOUT_RETURN_TYPE = YES_ERROR;
				GCC_WARN_UNDECLARED_SELECTOR = YES;
				GCC_WARN_UNINITIALIZED_AUTOS = YES_AGGRESSIVE;
				GCC_WARN_UNUSED_FUNCTION = YES;
				GCC_WARN_UNUSED_VARIABLE = YES;
				IPHONEOS_DEPLOYMENT_TARGET = 9.0;
				MTL_ENABLE_DEBUG_INFO = NO;
				SDKROOT = iphoneos;
				VALIDATE_PRODUCT = YES;
			};
			name = Release;
		};
		EE3D020A1BB4477700F3C73B /* Debug */ = {
			isa = XCBuildConfiguration;
			baseConfigurationReference = C980DA33B30369BA9CCDC178 /* Pods.debug.xcconfig */;
			buildSettings = {
				ASSETCATALOG_COMPILER_APPICON_NAME = AppIcon;
				CODE_SIGN_IDENTITY = "iPhone Developer";
				"CODE_SIGN_IDENTITY[sdk=iphoneos*]" = "iPhone Developer";
				INFOPLIST_FILE = "LevelUp-Sample/Info.plist";
				LD_RUNPATH_SEARCH_PATHS = "$(inherited) @executable_path/Frameworks";
				PRODUCT_BUNDLE_IDENTIFIER = "amyly6393.LevelUp-Sample";
				PRODUCT_NAME = "$(TARGET_NAME)";
				PROVISIONING_PROFILE = "";
			};
			name = Debug;
		};
		EE3D020B1BB4477700F3C73B /* Release */ = {
			isa = XCBuildConfiguration;
			baseConfigurationReference = 277A715CDA5C3E42964BF3BD /* Pods.release.xcconfig */;
			buildSettings = {
				ASSETCATALOG_COMPILER_APPICON_NAME = AppIcon;
				CODE_SIGN_IDENTITY = "iPhone Developer";
				"CODE_SIGN_IDENTITY[sdk=iphoneos*]" = "iPhone Developer";
				INFOPLIST_FILE = "LevelUp-Sample/Info.plist";
				LD_RUNPATH_SEARCH_PATHS = "$(inherited) @executable_path/Frameworks";
				PRODUCT_BUNDLE_IDENTIFIER = "amyly6393.LevelUp-Sample";
				PRODUCT_NAME = "$(TARGET_NAME)";
				PROVISIONING_PROFILE = "";
			};
			name = Release;
		};
		EE3D020D1BB4477700F3C73B /* Debug */ = {
			isa = XCBuildConfiguration;
			buildSettings = {
				BUNDLE_LOADER = "$(TEST_HOST)";
				INFOPLIST_FILE = "LevelUp-SampleTests/Info.plist";
				LD_RUNPATH_SEARCH_PATHS = "$(inherited) @executable_path/Frameworks @loader_path/Frameworks";
				PRODUCT_BUNDLE_IDENTIFIER = "amyly6393.LevelUp-SampleTests";
				PRODUCT_NAME = "$(TARGET_NAME)";
				TEST_HOST = "$(BUILT_PRODUCTS_DIR)/LevelUp-Sample.app/LevelUp-Sample";
			};
			name = Debug;
		};
		EE3D020E1BB4477700F3C73B /* Release */ = {
			isa = XCBuildConfiguration;
			buildSettings = {
				BUNDLE_LOADER = "$(TEST_HOST)";
				INFOPLIST_FILE = "LevelUp-SampleTests/Info.plist";
				LD_RUNPATH_SEARCH_PATHS = "$(inherited) @executable_path/Frameworks @loader_path/Frameworks";
				PRODUCT_BUNDLE_IDENTIFIER = "amyly6393.LevelUp-SampleTests";
				PRODUCT_NAME = "$(TARGET_NAME)";
				TEST_HOST = "$(BUILT_PRODUCTS_DIR)/LevelUp-Sample.app/LevelUp-Sample";
			};
			name = Release;
		};
		EE3D02101BB4477700F3C73B /* Debug */ = {
			isa = XCBuildConfiguration;
			buildSettings = {
				INFOPLIST_FILE = "LevelUp-SampleUITests/Info.plist";
				LD_RUNPATH_SEARCH_PATHS = "$(inherited) @executable_path/Frameworks @loader_path/Frameworks";
				PRODUCT_BUNDLE_IDENTIFIER = "amyly6393.LevelUp-SampleUITests";
				PRODUCT_NAME = "$(TARGET_NAME)";
				TEST_TARGET_NAME = "LevelUp-Sample";
				USES_XCTRUNNER = YES;
			};
			name = Debug;
		};
		EE3D02111BB4477700F3C73B /* Release */ = {
			isa = XCBuildConfiguration;
			buildSettings = {
				INFOPLIST_FILE = "LevelUp-SampleUITests/Info.plist";
				LD_RUNPATH_SEARCH_PATHS = "$(inherited) @executable_path/Frameworks @loader_path/Frameworks";
				PRODUCT_BUNDLE_IDENTIFIER = "amyly6393.LevelUp-SampleUITests";
				PRODUCT_NAME = "$(TARGET_NAME)";
				TEST_TARGET_NAME = "LevelUp-Sample";
				USES_XCTRUNNER = YES;
			};
			name = Release;
		};
/* End XCBuildConfiguration section */

/* Begin XCConfigurationList section */
		EE3D01D71BB4477600F3C73B /* Build configuration list for PBXProject "LevelUp-Sample" */ = {
			isa = XCConfigurationList;
			buildConfigurations = (
				EE3D02071BB4477700F3C73B /* Debug */,
				EE3D02081BB4477700F3C73B /* Release */,
			);
			defaultConfigurationIsVisible = 0;
			defaultConfigurationName = Release;
		};
		EE3D02091BB4477700F3C73B /* Build configuration list for PBXNativeTarget "LevelUp-Sample" */ = {
			isa = XCConfigurationList;
			buildConfigurations = (
				EE3D020A1BB4477700F3C73B /* Debug */,
				EE3D020B1BB4477700F3C73B /* Release */,
			);
			defaultConfigurationIsVisible = 0;
			defaultConfigurationName = Release;
		};
		EE3D020C1BB4477700F3C73B /* Build configuration list for PBXNativeTarget "LevelUp-SampleTests" */ = {
			isa = XCConfigurationList;
			buildConfigurations = (
				EE3D020D1BB4477700F3C73B /* Debug */,
				EE3D020E1BB4477700F3C73B /* Release */,
			);
			defaultConfigurationIsVisible = 0;
			defaultConfigurationName = Release;
		};
		EE3D020F1BB4477700F3C73B /* Build configuration list for PBXNativeTarget "LevelUp-SampleUITests" */ = {
			isa = XCConfigurationList;
			buildConfigurations = (
				EE3D02101BB4477700F3C73B /* Debug */,
				EE3D02111BB4477700F3C73B /* Release */,
			);
			defaultConfigurationIsVisible = 0;
			defaultConfigurationName = Release;
		};
/* End XCConfigurationList section */
	};
	rootObject = EE3D01D41BB4477600F3C73B /* Project object */;
}
